
Microsoft Visual Studio Solution File, Format Version 12.00
# Visual Studio Version 16
VisualStudioVersion = 16.0.31205.134
MinimumVisualStudioVersion = 10.0.40219.1
Project("{FAE04EC0-301F-11D3-BF4B-00C04F79EFBC}") = "AgeOfKarten", "AgeOfKarten\AgeOfKarten.csproj", "{873A4858-9F3B-4B80-8C3C-126431B0E662}"
EndProject
Global
	GlobalSection(SolutionConfigurationPlatforms) = preSolution
		Debug|Any CPU = Debug|Any CPU
		Release|Any CPU = Release|Any CPU
	EndGlobalSection
	GlobalSection(ProjectConfigurationPlatforms) = postSolution
		{873A4858-9F3B-4B80-8C3C-126431B0E662}.Debug|Any CPU.ActiveCfg = Debug|Any CPU
		{873A4858-9F3B-4B80-8C3C-126431B0E662}.Debug|Any CPU.Build.0 = Debug|Any CPU
		{873A4858-9F3B-4B80-8C3C-126431B0E662}.Release|Any CPU.ActiveCfg = Release|Any CPU
		{873A4858-9F3B-4B80-8C3C-126431B0E662}.Release|Any CPU.Build.0 = Release|Any CPU
	EndGlobalSection
	GlobalSection(SolutionProperties) = preSolution
		HideSolutionNode = FALSE
	EndGlobalSection
	GlobalSection(ExtensibilityGlobals) = postSolution
		SolutionGuid = {1FB04662-94EA-4492-990A-352E4B7279E6}
	EndGlobalSection
EndGlobal
